
Microsoft Visual Studio Solution File, Format Version 12.00
# Visual Studio Version 16
VisualStudioVersion = 16.0.30330.147
MinimumVisualStudioVersion = 10.0.40219.1
Project("{FAE04EC0-301F-11D3-BF4B-00C04F79EFBC}") = "WinForm_CS", "WinForm_CS\WinForm_CS.csproj", "{67A50769-550D-4C76-8965-73D73E76A173}"
EndProject
Global
	GlobalSection(SolutionConfigurationPlatforms) = preSolution
		Debug|Any CPU = Debug|Any CPU
		Release|Any CPU = Release|Any CPU
	EndGlobalSection
	GlobalSection(ProjectConfigurationPlatforms) = postSolution
		{67A50769-550D-4C76-8965-73D73E76A173}.Debug|Any CPU.ActiveCfg = Debug|Any CPU
		{67A50769-550D-4C76-8965-73D73E76A173}.Debug|Any CPU.Build.0 = Debug|Any CPU
		{67A50769-550D-4C76-8965-73D73E76A173}.Release|Any CPU.ActiveCfg = Release|Any CPU
		{67A50769-550D-4C76-8965-73D73E76A173}.Release|Any CPU.Build.0 = Release|Any CPU
	EndGlobalSection
	GlobalSection(SolutionProperties) = preSolution
		HideSolutionNode = FALSE
	EndGlobalSection
	GlobalSection(ExtensibilityGlobals) = postSolution
		SolutionGuid = {80BB2225-DEB6-4BC3-9271-EC098291362B}
	EndGlobalSection
EndGlobal
