
Microsoft Visual Studio Solution File, Format Version 12.00
# Visual Studio Version 16
VisualStudioVersion = 16.0.30330.147
MinimumVisualStudioVersion = 10.0.40219.1
Project("{F2A71F9B-5D33-465A-A702-920D77279786}") = "WinForm_FS", "WinForm_FS\WinForm_FS.fsproj", "{EF7A55BE-784B-404B-90FC-E265EF8115B5}"
	ProjectSection(ProjectDependencies) = postProject
		{7345AAB8-D250-4266-AC2D-1D15E8D14FCC} = {7345AAB8-D250-4266-AC2D-1D15E8D14FCC}
	EndProjectSection
EndProject
Project("{F2A71F9B-5D33-465A-A702-920D77279786}") = "JavaForm_FS", "JavaForm_FS\JavaForm_FS.fsproj", "{B45D0FD9-E0D8-4D65-8ED2-886E8FC177CE}"
	ProjectSection(ProjectDependencies) = postProject
		{7345AAB8-D250-4266-AC2D-1D15E8D14FCC} = {7345AAB8-D250-4266-AC2D-1D15E8D14FCC}
		{EF7A55BE-784B-404B-90FC-E265EF8115B5} = {EF7A55BE-784B-404B-90FC-E265EF8115B5}
	EndProjectSection
EndProject
Project("{FAE04EC0-301F-11D3-BF4B-00C04F79EFBC}") = "JavaForm_CS", "JavaForm_CS\JavaForm_CS.csproj", "{7345AAB8-D250-4266-AC2D-1D15E8D14FCC}"
	ProjectSection(ProjectDependencies) = postProject
		{67A50769-550D-4C76-8965-73D73E76A173} = {67A50769-550D-4C76-8965-73D73E76A173}
	EndProjectSection
EndProject
Project("{FAE04EC0-301F-11D3-BF4B-00C04F79EFBC}") = "WinForm_CS", "WinForm_CS\WinForm_CS.csproj", "{67A50769-550D-4C76-8965-73D73E76A173}"
EndProject
Project("{FAE04EC0-301F-11D3-BF4B-00C04F79EFBC}") = "Android_CS", "Android_CS\Android_CS.csproj", "{12639975-A892-4D11-A050-40520E88339B}"
	ProjectSection(ProjectDependencies) = postProject
		{67A50769-550D-4C76-8965-73D73E76A173} = {67A50769-550D-4C76-8965-73D73E76A173}
		{7345AAB8-D250-4266-AC2D-1D15E8D14FCC} = {7345AAB8-D250-4266-AC2D-1D15E8D14FCC}
		{EF7A55BE-784B-404B-90FC-E265EF8115B5} = {EF7A55BE-784B-404B-90FC-E265EF8115B5}
		{B45D0FD9-E0D8-4D65-8ED2-886E8FC177CE} = {B45D0FD9-E0D8-4D65-8ED2-886E8FC177CE}
	EndProjectSection
EndProject
Project("{F2A71F9B-5D33-465A-A702-920D77279786}") = "Android_FS", "Android_FS\Android_FS.fsproj", "{359C7175-498C-4205-8D11-223CBE2D5B21}"
	ProjectSection(ProjectDependencies) = postProject
		{67A50769-550D-4C76-8965-73D73E76A173} = {67A50769-550D-4C76-8965-73D73E76A173}
		{12639975-A892-4D11-A050-40520E88339B} = {12639975-A892-4D11-A050-40520E88339B}
		{7345AAB8-D250-4266-AC2D-1D15E8D14FCC} = {7345AAB8-D250-4266-AC2D-1D15E8D14FCC}
		{EF7A55BE-784B-404B-90FC-E265EF8115B5} = {EF7A55BE-784B-404B-90FC-E265EF8115B5}
		{B45D0FD9-E0D8-4D65-8ED2-886E8FC177CE} = {B45D0FD9-E0D8-4D65-8ED2-886E8FC177CE}
	EndProjectSection
EndProject
Global
	GlobalSection(SolutionConfigurationPlatforms) = preSolution
		Debug|Any CPU = Debug|Any CPU
		Release|Any CPU = Release|Any CPU
	EndGlobalSection
	GlobalSection(ProjectConfigurationPlatforms) = postSolution
		{EF7A55BE-784B-404B-90FC-E265EF8115B5}.Debug|Any CPU.ActiveCfg = Debug|Any CPU
		{EF7A55BE-784B-404B-90FC-E265EF8115B5}.Debug|Any CPU.Build.0 = Debug|Any CPU
		{EF7A55BE-784B-404B-90FC-E265EF8115B5}.Release|Any CPU.ActiveCfg = Release|Any CPU
		{EF7A55BE-784B-404B-90FC-E265EF8115B5}.Release|Any CPU.Build.0 = Release|Any CPU
		{B45D0FD9-E0D8-4D65-8ED2-886E8FC177CE}.Debug|Any CPU.ActiveCfg = Debug|Any CPU
		{B45D0FD9-E0D8-4D65-8ED2-886E8FC177CE}.Debug|Any CPU.Build.0 = Debug|Any CPU
		{B45D0FD9-E0D8-4D65-8ED2-886E8FC177CE}.Release|Any CPU.ActiveCfg = Release|Any CPU
		{B45D0FD9-E0D8-4D65-8ED2-886E8FC177CE}.Release|Any CPU.Build.0 = Release|Any CPU
		{7345AAB8-D250-4266-AC2D-1D15E8D14FCC}.Debug|Any CPU.ActiveCfg = Debug|Any CPU
		{7345AAB8-D250-4266-AC2D-1D15E8D14FCC}.Debug|Any CPU.Build.0 = Debug|Any CPU
		{7345AAB8-D250-4266-AC2D-1D15E8D14FCC}.Release|Any CPU.ActiveCfg = Release|Any CPU
		{7345AAB8-D250-4266-AC2D-1D15E8D14FCC}.Release|Any CPU.Build.0 = Release|Any CPU
		{67A50769-550D-4C76-8965-73D73E76A173}.Debug|Any CPU.ActiveCfg = Debug|Any CPU
		{67A50769-550D-4C76-8965-73D73E76A173}.Debug|Any CPU.Build.0 = Debug|Any CPU
		{67A50769-550D-4C76-8965-73D73E76A173}.Release|Any CPU.ActiveCfg = Release|Any CPU
		{67A50769-550D-4C76-8965-73D73E76A173}.Release|Any CPU.Build.0 = Release|Any CPU
		{12639975-A892-4D11-A050-40520E88339B}.Debug|Any CPU.ActiveCfg = Debug|Any CPU
		{12639975-A892-4D11-A050-40520E88339B}.Debug|Any CPU.Build.0 = Debug|Any CPU
		{12639975-A892-4D11-A050-40520E88339B}.Release|Any CPU.ActiveCfg = Release|Any CPU
		{12639975-A892-4D11-A050-40520E88339B}.Release|Any CPU.Build.0 = Release|Any CPU
		{359C7175-498C-4205-8D11-223CBE2D5B21}.Debug|Any CPU.ActiveCfg = Debug|Any CPU
		{359C7175-498C-4205-8D11-223CBE2D5B21}.Debug|Any CPU.Build.0 = Debug|Any CPU
		{359C7175-498C-4205-8D11-223CBE2D5B21}.Release|Any CPU.ActiveCfg = Release|Any CPU
		{359C7175-498C-4205-8D11-223CBE2D5B21}.Release|Any CPU.Build.0 = Release|Any CPU
	EndGlobalSection
	GlobalSection(SolutionProperties) = preSolution
		HideSolutionNode = FALSE
	EndGlobalSection
	GlobalSection(ExtensibilityGlobals) = postSolution
		SolutionGuid = {C1A65DC8-3C48-4DC9-A66E-D4D7076B5405}
	EndGlobalSection
EndGlobal
